
Microsoft Visual Studio Solution File, Format Version 12.00
# Visual Studio Version 17
VisualStudioVersion = 17.5.33516.290
MinimumVisualStudioVersion = 10.0.40219.1
Project("{9A19103F-16F7-4668-BE54-9A1E7A4F7556}") = "SnitzForum", "MVC Forum\SnitzForum.csproj", "{C49CCAE5-0C7B-4F61-95A4-D8F9A27A3D34}"
EndProject
Project("{9A19103F-16F7-4668-BE54-9A1E7A4F7556}") = "SnitzCore.Data", "MVCForum.Data\SnitzCore.Data.csproj", "{4FF42FDA-4793-48E5-90D3-BE777019CD2F}"
EndProject
Project("{9A19103F-16F7-4668-BE54-9A1E7A4F7556}") = "SnitzCore.Service", "MVCForum.Service\SnitzCore.Service.csproj", "{8B03F4D3-E67E-45F8-AD69-B2CC9B4A3555}"
EndProject
Project("{9A19103F-16F7-4668-BE54-9A1E7A4F7556}") = "BbCodeFormatter", "BbCodeFormatter\BbCodeFormatter.csproj", "{5611430F-E899-414F-83FC-5504B8029F18}"
EndProject
Project("{9A19103F-16F7-4668-BE54-9A1E7A4F7556}") = "SnitzCore.BackOffice", "SnitzCore.Admin\SnitzCore.BackOffice.csproj", "{2C8B8B2C-6BEC-4447-BF4B-889E9DBBDFBD}"
EndProject
Project("{9A19103F-16F7-4668-BE54-9A1E7A4F7556}") = "SqliteMigrations", "Migrators\SqliteMigrations\SqliteMigrations.csproj", "{75BA1921-1327-4D87-92E6-FEE60E7B435D}"
EndProject
Project("{9A19103F-16F7-4668-BE54-9A1E7A4F7556}") = "MSSqlMigrations", "Migrators\MSSqlMigrations\MSSqlMigrations.csproj", "{5A7246E2-95CD-48C5-B49B-74402BEA5E71}"
EndProject
Project("{9A19103F-16F7-4668-BE54-9A1E7A4F7556}") = "Snitz.PhotoAlbum", "Snitz.PhotoAlbum\Snitz.PhotoAlbum.csproj", "{DBD29AE7-EA32-4B4D-912B-28F5DCF4FCE3}"
EndProject
Project("{9A19103F-16F7-4668-BE54-9A1E7A4F7556}") = "Snitz.Events", "Snitz.Events\Snitz.Events.csproj", "{CCA44329-4952-4E0C-BD73-291DB209A560}"
EndProject
Project("{FAE04EC0-301F-11D3-BF4B-00C04F79EFBC}") = "Snitz.PostThanks", "Snitz.PostThanks\Snitz.PostThanks.csproj", "{DF9BF080-BF30-4E96-9398-15F8ACE67ABA}"
EndProject
Project("{FAE04EC0-301F-11D3-BF4B-00C04F79EFBC}") = "MySqlMigrations", "Migrators\MySqlMigrations\MySqlMigrations.csproj", "{851522F8-584F-AC34-6137-F55F60C7CBDB}"
EndProject
Project("{FAE04EC0-301F-11D3-BF4B-00C04F79EFBC}") = "YG.ASPNetCore.FileManager", "F:\Temp\YG.ASPNetCore.FileManager-master\src\YG.ASPNetCore.FileManager\YG.ASPNetCore.FileManager.csproj", "{6FC0405E-59D3-74CE-D0D5-22BE934DA368}"
EndProject
Global
	GlobalSection(SolutionConfigurationPlatforms) = preSolution
		Debug|Any CPU = Debug|Any CPU
		Release|Any CPU = Release|Any CPU
	EndGlobalSection
	GlobalSection(ProjectConfigurationPlatforms) = postSolution
		{C49CCAE5-0C7B-4F61-95A4-D8F9A27A3D34}.Debug|Any CPU.ActiveCfg = Debug|Any CPU
		{C49CCAE5-0C7B-4F61-95A4-D8F9A27A3D34}.Debug|Any CPU.Build.0 = Debug|Any CPU
		{C49CCAE5-0C7B-4F61-95A4-D8F9A27A3D34}.Release|Any CPU.ActiveCfg = Release|Any CPU
		{C49CCAE5-0C7B-4F61-95A4-D8F9A27A3D34}.Release|Any CPU.Build.0 = Release|Any CPU
		{4FF42FDA-4793-48E5-90D3-BE777019CD2F}.Debug|Any CPU.ActiveCfg = Debug|Any CPU
		{4FF42FDA-4793-48E5-90D3-BE777019CD2F}.Debug|Any CPU.Build.0 = Debug|Any CPU
		{4FF42FDA-4793-48E5-90D3-BE777019CD2F}.Release|Any CPU.ActiveCfg = Release|Any CPU
		{4FF42FDA-4793-48E5-90D3-BE777019CD2F}.Release|Any CPU.Build.0 = Release|Any CPU
		{8B03F4D3-E67E-45F8-AD69-B2CC9B4A3555}.Debug|Any CPU.ActiveCfg = Debug|Any CPU
		{8B03F4D3-E67E-45F8-AD69-B2CC9B4A3555}.Debug|Any CPU.Build.0 = Debug|Any CPU
		{8B03F4D3-E67E-45F8-AD69-B2CC9B4A3555}.Release|Any CPU.ActiveCfg = Release|Any CPU
		{8B03F4D3-E67E-45F8-AD69-B2CC9B4A3555}.Release|Any CPU.Build.0 = Release|Any CPU
		{5611430F-E899-414F-83FC-5504B8029F18}.Debug|Any CPU.ActiveCfg = Debug|Any CPU
		{5611430F-E899-414F-83FC-5504B8029F18}.Debug|Any CPU.Build.0 = Debug|Any CPU
		{5611430F-E899-414F-83FC-5504B8029F18}.Release|Any CPU.ActiveCfg = Release|Any CPU
		{5611430F-E899-414F-83FC-5504B8029F18}.Release|Any CPU.Build.0 = Release|Any CPU
		{2C8B8B2C-6BEC-4447-BF4B-889E9DBBDFBD}.Debug|Any CPU.ActiveCfg = Debug|Any CPU
		{2C8B8B2C-6BEC-4447-BF4B-889E9DBBDFBD}.Debug|Any CPU.Build.0 = Debug|Any CPU
		{2C8B8B2C-6BEC-4447-BF4B-889E9DBBDFBD}.Release|Any CPU.ActiveCfg = Release|Any CPU
		{2C8B8B2C-6BEC-4447-BF4B-889E9DBBDFBD}.Release|Any CPU.Build.0 = Release|Any CPU
		{75BA1921-1327-4D87-92E6-FEE60E7B435D}.Debug|Any CPU.ActiveCfg = Debug|Any CPU
		{75BA1921-1327-4D87-92E6-FEE60E7B435D}.Debug|Any CPU.Build.0 = Debug|Any CPU
		{75BA1921-1327-4D87-92E6-FEE60E7B435D}.Release|Any CPU.ActiveCfg = Release|Any CPU
		{75BA1921-1327-4D87-92E6-FEE60E7B435D}.Release|Any CPU.Build.0 = Release|Any CPU
		{5A7246E2-95CD-48C5-B49B-74402BEA5E71}.Debug|Any CPU.ActiveCfg = Debug|Any CPU
		{5A7246E2-95CD-48C5-B49B-74402BEA5E71}.Debug|Any CPU.Build.0 = Debug|Any CPU
		{5A7246E2-95CD-48C5-B49B-74402BEA5E71}.Release|Any CPU.ActiveCfg = Release|Any CPU
		{5A7246E2-95CD-48C5-B49B-74402BEA5E71}.Release|Any CPU.Build.0 = Release|Any CPU
		{DBD29AE7-EA32-4B4D-912B-28F5DCF4FCE3}.Debug|Any CPU.ActiveCfg = Debug|Any CPU
		{DBD29AE7-EA32-4B4D-912B-28F5DCF4FCE3}.Debug|Any CPU.Build.0 = Debug|Any CPU
		{DBD29AE7-EA32-4B4D-912B-28F5DCF4FCE3}.Release|Any CPU.ActiveCfg = Release|Any CPU
		{DBD29AE7-EA32-4B4D-912B-28F5DCF4FCE3}.Release|Any CPU.Build.0 = Release|Any CPU
		{CCA44329-4952-4E0C-BD73-291DB209A560}.Debug|Any CPU.ActiveCfg = Debug|Any CPU
		{CCA44329-4952-4E0C-BD73-291DB209A560}.Debug|Any CPU.Build.0 = Debug|Any CPU
		{CCA44329-4952-4E0C-BD73-291DB209A560}.Release|Any CPU.ActiveCfg = Release|Any CPU
		{CCA44329-4952-4E0C-BD73-291DB209A560}.Release|Any CPU.Build.0 = Release|Any CPU
		{DF9BF080-BF30-4E96-9398-15F8ACE67ABA}.Debug|Any CPU.ActiveCfg = Debug|Any CPU
		{DF9BF080-BF30-4E96-9398-15F8ACE67ABA}.Debug|Any CPU.Build.0 = Debug|Any CPU
		{DF9BF080-BF30-4E96-9398-15F8ACE67ABA}.Release|Any CPU.ActiveCfg = Release|Any CPU
		{DF9BF080-BF30-4E96-9398-15F8ACE67ABA}.Release|Any CPU.Build.0 = Release|Any CPU
		{851522F8-584F-AC34-6137-F55F60C7CBDB}.Debug|Any CPU.ActiveCfg = Debug|Any CPU
		{851522F8-584F-AC34-6137-F55F60C7CBDB}.Debug|Any CPU.Build.0 = Debug|Any CPU
		{851522F8-584F-AC34-6137-F55F60C7CBDB}.Release|Any CPU.ActiveCfg = Release|Any CPU
		{851522F8-584F-AC34-6137-F55F60C7CBDB}.Release|Any CPU.Build.0 = Release|Any CPU
		{6FC0405E-59D3-74CE-D0D5-22BE934DA368}.Debug|Any CPU.ActiveCfg = Debug|Any CPU
		{6FC0405E-59D3-74CE-D0D5-22BE934DA368}.Debug|Any CPU.Build.0 = Debug|Any CPU
		{6FC0405E-59D3-74CE-D0D5-22BE934DA368}.Release|Any CPU.ActiveCfg = Release|Any CPU
		{6FC0405E-59D3-74CE-D0D5-22BE934DA368}.Release|Any CPU.Build.0 = Release|Any CPU
	EndGlobalSection
	GlobalSection(SolutionProperties) = preSolution
		HideSolutionNode = FALSE
	EndGlobalSection
	GlobalSection(ExtensibilityGlobals) = postSolution
		SolutionGuid = {3D0981AB-0EA3-4121-91E1-3E2C365C0006}
	EndGlobalSection
EndGlobal
